// !$*UTF8*$!
{
	archiveVersion = 1;
	classes = {
	};
	objectVersion = 56;
	objects = {

/* Begin PBXBuildFile section */
		68E958652CD4FA2E008707B1 /* Status_Bar_TestApp.swift in Sources */ = {isa = PBXBuildFile; fileRef = 68E958642CD4FA2E008707B1 /* Status_Bar_TestApp.swift */; };
		68E958672CD4FA2E008707B1 /* ContentView.swift in Sources */ = {isa = PBXBuildFile; fileRef = 68E958662CD4FA2E008707B1 /* ContentView.swift */; };
		68E958692CD4FA2E008707B1 /* Assets.xcassets in Resources */ = {isa = PBXBuildFile; fileRef = 68E958682CD4FA2E008707B1 /* Assets.xcassets */; };
		68E9586C2CD4FA2E008707B1 /* Preview Assets.xcassets in Resources */ = {isa = PBXBuildFile; fileRef = 68E9586B2CD4FA2E008707B1 /* Preview Assets.xcassets */; };
		68E958772CD4FA2F008707B1 /* Status_Bar_TestTests.swift in Sources */ = {isa = PBXBuildFile; fileRef = 68E958762CD4FA2F008707B1 /* Status_Bar_TestTests.swift */; };
		68E958812CD4FA2F008707B1 /* Status_Bar_TestUITests.swift in Sources */ = {isa = PBXBuildFile; fileRef = 68E958802CD4FA2F008707B1 /* Status_Bar_TestUITests.swift */; };
		68E958832CD4FA2F008707B1 /* Status_Bar_TestUITestsLaunchTests.swift in Sources */ = {isa = PBXBuildFile; fileRef = 68E958822CD4FA2F008707B1 /* Status_Bar_TestUITestsLaunchTests.swift */; };
		68E958902CD4FBA9008707B1 /* AppDelegate.swift in Sources */ = {isa = PBXBuildFile; fileRef = 68E9588F2CD4FBA9008707B1 /* AppDelegate.swift */; };
/* End PBXBuildFile section */

/* Begin PBXContainerItemProxy section */
		68E958732CD4FA2F008707B1 /* PBXContainerItemProxy */ = {
			isa = PBXContainerItemProxy;
			containerPortal = 68E958592CD4FA2E008707B1 /* Project object */;
			proxyType = 1;
			remoteGlobalIDString = 68E958602CD4FA2E008707B1;
			remoteInfo = "Status Bar Test";
		};
		68E9587D2CD4FA2F008707B1 /* PBXContainerItemProxy */ = {
			isa = PBXContainerItemProxy;
			containerPortal = 68E958592CD4FA2E008707B1 /* Project object */;
			proxyType = 1;
			remoteGlobalIDString = 68E958602CD4FA2E008707B1;
			remoteInfo = "Status Bar Test";
		};
/* End PBXContainerItemProxy section */

/* Begin PBXFileReference section */
		68E958612CD4FA2E008707B1 /* Status Bar Test.app */ = {isa = PBXFileReference; explicitFileType = wrapper.application; includeInIndex = 0; path = "Status Bar Test.app"; sourceTree = BUILT_PRODUCTS_DIR; };
		68E958642CD4FA2E008707B1 /* Status_Bar_TestApp.swift */ = {isa = PBXFileReference; lastKnownFileType = sourcecode.swift; path = Status_Bar_TestApp.swift; sourceTree = "<group>"; };
		68E958662CD4FA2E008707B1 /* ContentView.swift */ = {isa = PBXFileReference; lastKnownFileType = sourcecode.swift; path = ContentView.swift; sourceTree = "<group>"; };
		68E958682CD4FA2E008707B1 /* Assets.xcassets */ = {isa = PBXFileReference; lastKnownFileType = folder.assetcatalog; path = Assets.xcassets; sourceTree = "<group>"; };
		68E9586B2CD4FA2E008707B1 /* Preview Assets.xcassets */ = {isa = PBXFileReference; lastKnownFileType = folder.assetcatalog; path = "Preview Assets.xcassets"; sourceTree = "<group>"; };
		68E9586D2CD4FA2E008707B1 /* Status_Bar_Test.entitlements */ = {isa = PBXFileReference; lastKnownFileType = text.plist.entitlements; path = Status_Bar_Test.entitlements; sourceTree = "<group>"; };
		68E958722CD4FA2F008707B1 /* Status Bar TestTests.xctest */ = {isa = PBXFileReference; explicitFileType = wrapper.cfbundle; includeInIndex = 0; path = "Status Bar TestTests.xctest"; sourceTree = BUILT_PRODUCTS_DIR; };
		68E958762CD4FA2F008707B1 /* Status_Bar_TestTests.swift */ = {isa = PBXFileReference; lastKnownFileType = sourcecode.swift; path = Status_Bar_TestTests.swift; sourceTree = "<group>"; };
		68E9587C2CD4FA2F008707B1 /* Status Bar TestUITests.xctest */ = {isa = PBXFileReference; explicitFileType = wrapper.cfbundle; includeInIndex = 0; path = "Status Bar TestUITests.xctest"; sourceTree = BUILT_PRODUCTS_DIR; };
		68E958802CD4FA2F008707B1 /* Status_Bar_TestUITests.swift */ = {isa = PBXFileReference; lastKnownFileType = sourcecode.swift; path = Status_Bar_TestUITests.swift; sourceTree = "<group>"; };
		68E958822CD4FA2F008707B1 /* Status_Bar_TestUITestsLaunchTests.swift */ = {isa = PBXFileReference; lastKnownFileType = sourcecode.swift; path = Status_Bar_TestUITestsLaunchTests.swift; sourceTree = "<group>"; };
		68E9588F2CD4FBA9008707B1 /* AppDelegate.swift */ = {isa = PBXFileReference; lastKnownFileType = sourcecode.swift; path = AppDelegate.swift; sourceTree = "<group>"; };
		68E958912CD4FE5B008707B1 /* Status-Bar-Test-Info.plist */ = {isa = PBXFileReference; lastKnownFileType = text.plist; path = "Status-Bar-Test-Info.plist"; sourceTree = SOURCE_ROOT; };
/* End PBXFileReference section */

/* Begin PBXFrameworksBuildPhase section */
		68E9585E2CD4FA2E008707B1 /* Frameworks */ = {
			isa = PBXFrameworksBuildPhase;
			buildActionMask = 2147483647;
			files = (
			);
			runOnlyForDeploymentPostprocessing = 0;
		};
		68E9586F2CD4FA2F008707B1 /* Frameworks */ = {
			isa = PBXFrameworksBuildPhase;
			buildActionMask = 2147483647;
			files = (
			);
			runOnlyForDeploymentPostprocessing = 0;
		};
		68E958792CD4FA2F008707B1 /* Frameworks */ = {
			isa = PBXFrameworksBuildPhase;
			buildActionMask = 2147483647;
			files = (
			);
			runOnlyForDeploymentPostprocessing = 0;
		};
/* End PBXFrameworksBuildPhase section */

/* Begin PBXGroup section */
		68E958582CD4FA2E008707B1 = {
			isa = PBXGroup;
			children = (
				68E958632CD4FA2E008707B1 /* Status Bar Test */,
				68E958752CD4FA2F008707B1 /* Status Bar TestTests */,
				68E9587F2CD4FA2F008707B1 /* Status Bar TestUITests */,
				68E958622CD4FA2E008707B1 /* Products */,
			);
			sourceTree = "<group>";
		};
		68E958622CD4FA2E008707B1 /* Products */ = {
			isa = PBXGroup;
			children = (
				68E958612CD4FA2E008707B1 /* Status Bar Test.app */,
				68E958722CD4FA2F008707B1 /* Status Bar TestTests.xctest */,
				68E9587C2CD4FA2F008707B1 /* Status Bar TestUITests.xctest */,
			);
			name = Products;
			sourceTree = "<group>";
		};
		68E958632CD4FA2E008707B1 /* Status Bar Test */ = {
			isa = PBXGroup;
			children = (
				68E958912CD4FE5B008707B1 /* Status-Bar-Test-Info.plist */,
				68E958642CD4FA2E008707B1 /* Status_Bar_TestApp.swift */,
				68E958662CD4FA2E008707B1 /* ContentView.swift */,
				68E958682CD4FA2E008707B1 /* Assets.xcassets */,
				68E9586D2CD4FA2E008707B1 /* Status_Bar_Test.entitlements */,
				68E9586A2CD4FA2E008707B1 /* Preview Content */,
				68E9588F2CD4FBA9008707B1 /* AppDelegate.swift */,
			);
			path = "Status Bar Test";
			sourceTree = "<group>";
		};
		68E9586A2CD4FA2E008707B1 /* Preview Content */ = {
			isa = PBXGroup;
			children = (
				68E9586B2CD4FA2E008707B1 /* Preview Assets.xcassets */,
			);
			path = "Preview Content";
			sourceTree = "<group>";
		};
		68E958752CD4FA2F008707B1 /* Status Bar TestTests */ = {
			isa = PBXGroup;
			children = (
				68E958762CD4FA2F008707B1 /* Status_Bar_TestTests.swift */,
			);
			path = "Status Bar TestTests";
			sourceTree = "<group>";
		};
		68E9587F2CD4FA2F008707B1 /* Status Bar TestUITests */ = {
			isa = PBXGroup;
			children = (
				68E958802CD4FA2F008707B1 /* Status_Bar_TestUITests.swift */,
				68E958822CD4FA2F008707B1 /* Status_Bar_TestUITestsLaunchTests.swift */,
			);
			path = "Status Bar TestUITests";
			sourceTree = "<group>";
		};
/* End PBXGroup section */

/* Begin PBXNativeTarget section */
		68E958602CD4FA2E008707B1 /* Status Bar Test */ = {
			isa = PBXNativeTarget;
			buildConfigurationList = 68E958862CD4FA2F008707B1 /* Build configuration list for PBXNativeTarget "Status Bar Test" */;
			buildPhases = (
				68E9585D2CD4FA2E008707B1 /* Sources */,
				68E9585E2CD4FA2E008707B1 /* Frameworks */,
				68E9585F2CD4FA2E008707B1 /* Resources */,
			);
			buildRules = (
			);
			dependencies = (
			);
			name = "Status Bar Test";
			productName = "Status Bar Test";
			productReference = 68E958612CD4FA2E008707B1 /* Status Bar Test.app */;
			productType = "com.apple.product-type.application";
		};
		68E958712CD4FA2F008707B1 /* Status Bar TestTests */ = {
			isa = PBXNativeTarget;
			buildConfigurationList = 68E958892CD4FA2F008707B1 /* Build configuration list for PBXNativeTarget "Status Bar TestTests" */;
			buildPhases = (
				68E9586E2CD4FA2F008707B1 /* Sources */,
				68E9586F2CD4FA2F008707B1 /* Frameworks */,
				68E958702CD4FA2F008707B1 /* Resources */,
			);
			buildRules = (
			);
			dependencies = (
				68E958742CD4FA2F008707B1 /* PBXTargetDependency */,
			);
			name = "Status Bar TestTests";
			productName = "Status Bar TestTests";
			productReference = 68E958722CD4FA2F008707B1 /* Status Bar TestTests.xctest */;
			productType = "com.apple.product-type.bundle.unit-test";
		};
		68E9587B2CD4FA2F008707B1 /* Status Bar TestUITests */ = {
			isa = PBXNativeTarget;
			buildConfigurationList = 68E9588C2CD4FA2F008707B1 /* Build configuration list for PBXNativeTarget "Status Bar TestUITests" */;
			buildPhases = (
				68E958782CD4FA2F008707B1 /* Sources */,
				68E958792CD4FA2F008707B1 /* Frameworks */,
				68E9587A2CD4FA2F008707B1 /* Resources */,
			);
			buildRules = (
			);
			dependencies = (
				68E9587E2CD4FA2F008707B1 /* PBXTargetDependency */,
			);
			name = "Status Bar TestUITests";
			productName = "Status Bar TestUITests";
			productReference = 68E9587C2CD4FA2F008707B1 /* Status Bar TestUITests.xctest */;
			productType = "com.apple.product-type.bundle.ui-testing";
		};
/* End PBXNativeTarget section */

/* Begin PBXProject section */
		68E958592CD4FA2E008707B1 /* Project object */ = {
			isa = PBXProject;
			attributes = {
				BuildIndependentTargetsInParallel = 1;
				LastSwiftUpdateCheck = 1540;
				LastUpgradeCheck = 1540;
				TargetAttributes = {
					68E958602CD4FA2E008707B1 = {
						CreatedOnToolsVersion = 15.4;
					};
					68E958712CD4FA2F008707B1 = {
						CreatedOnToolsVersion = 15.4;
						TestTargetID = 68E958602CD4FA2E008707B1;
					};
					68E9587B2CD4FA2F008707B1 = {
						CreatedOnToolsVersion = 15.4;
						TestTargetID = 68E958602CD4FA2E008707B1;
					};
				};
			};
			buildConfigurationList = 68E9585C2CD4FA2E008707B1 /* Build configuration list for PBXProject "Status Bar Test" */;
			compatibilityVersion = "Xcode 14.0";
			developmentRegion = en;
			hasScannedForEncodings = 0;
			knownRegions = (
				en,
				Base,
			);
			mainGroup = 68E958582CD4FA2E008707B1;
			productRefGroup = 68E958622CD4FA2E008707B1 /* Products */;
			projectDirPath = "";
			projectRoot = "";
			targets = (
				68E958602CD4FA2E008707B1 /* Status Bar Test */,
				68E958712CD4FA2F008707B1 /* Status Bar TestTests */,
				68E9587B2CD4FA2F008707B1 /* Status Bar TestUITests */,
			);
		};
/* End PBXProject section */

/* Begin PBXResourcesBuildPhase section */
		68E9585F2CD4FA2E008707B1 /* Resources */ = {
			isa = PBXResourcesBuildPhase;
			buildActionMask = 2147483647;
			files = (
				68E9586C2CD4FA2E008707B1 /* Preview Assets.xcassets in Resources */,
				68E958692CD4FA2E008707B1 /* Assets.xcassets in Resources */,
			);
			runOnlyForDeploymentPostprocessing = 0;
		};
		68E958702CD4FA2F008707B1 /* Resources */ = {
			isa = PBXResourcesBuildPhase;
			buildActionMask = 2147483647;
			files = (
			);
			runOnlyForDeploymentPostprocessing = 0;
		};
		68E9587A2CD4FA2F008707B1 /* Resources */ = {
			isa = PBXResourcesBuildPhase;
			buildActionMask = 2147483647;
			files = (
			);
			runOnlyForDeploymentPostprocessing = 0;
		};
/* End PBXResourcesBuildPhase section */

/* Begin PBXSourcesBuildPhase section */
		68E9585D2CD4FA2E008707B1 /* Sources */ = {
			isa = PBXSourcesBuildPhase;
			buildActionMask = 2147483647;
			files = (
				68E958902CD4FBA9008707B1 /* AppDelegate.swift in Sources */,
				68E958672CD4FA2E008707B1 /* ContentView.swift in Sources */,
				68E958652CD4FA2E008707B1 /* Status_Bar_TestApp.swift in Sources */,
			);
			runOnlyForDeploymentPostprocessing = 0;
		};
		68E9586E2CD4FA2F008707B1 /* Sources */ = {
			isa = PBXSourcesBuildPhase;
			buildActionMask = 2147483647;
			files = (
				68E958772CD4FA2F008707B1 /* Status_Bar_TestTests.swift in Sources */,
			);
			runOnlyForDeploymentPostprocessing = 0;
		};
		68E958782CD4FA2F008707B1 /* Sources */ = {
			isa = PBXSourcesBuildPhase;
			buildActionMask = 2147483647;
			files = (
				68E958832CD4FA2F008707B1 /* Status_Bar_TestUITestsLaunchTests.swift in Sources */,
				68E958812CD4FA2F008707B1 /* Status_Bar_TestUITests.swift in Sources */,
			);
			runOnlyForDeploymentPostprocessing = 0;
		};
/* End PBXSourcesBuildPhase section */

/* Begin PBXTargetDependency section */
		68E958742CD4FA2F008707B1 /* PBXTargetDependency */ = {
			isa = PBXTargetDependency;
			target = 68E958602CD4FA2E008707B1 /* Status Bar Test */;
			targetProxy = 68E958732CD4FA2F008707B1 /* PBXContainerItemProxy */;
		};
		68E9587E2CD4FA2F008707B1 /* PBXTargetDependency */ = {
			isa = PBXTargetDependency;
			target = 68E958602CD4FA2E008707B1 /* Status Bar Test */;
			targetProxy = 68E9587D2CD4FA2F008707B1 /* PBXContainerItemProxy */;
		};
/* End PBXTargetDependency section */

/* Begin XCBuildConfiguration section */
		68E958842CD4FA2F008707B1 /* Debug */ = {
			isa = XCBuildConfiguration;
			buildSettings = {
				ALWAYS_SEARCH_USER_PATHS = NO;
				ASSETCATALOG_COMPILER_GENERATE_SWIFT_ASSET_SYMBOL_EXTENSIONS = YES;
				CLANG_ANALYZER_NONNULL = YES;
				CLANG_ANALYZER_NUMBER_OBJECT_CONVERSION = YES_AGGRESSIVE;
				CLANG_CXX_LANGUAGE_STANDARD = "gnu++20";
				CLANG_ENABLE_MODULES = YES;
				CLANG_ENABLE_OBJC_ARC = YES;
				CLANG_ENABLE_OBJC_WEAK = YES;
				CLANG_WARN_BLOCK_CAPTURE_AUTORELEASING = YES;
				CLANG_WARN_BOOL_CONVERSION = YES;
				CLANG_WARN_COMMA = YES;
				CLANG_WARN_CONSTANT_CONVERSION = YES;
				CLANG_WARN_DEPRECATED_OBJC_IMPLEMENTATIONS = YES;
				CLANG_WARN_DIRECT_OBJC_ISA_USAGE = YES_ERROR;
				CLANG_WARN_DOCUMENTATION_COMMENTS = YES;
				CLANG_WARN_EMPTY_BODY = YES;
				CLANG_WARN_ENUM_CONVERSION = YES;
				CLANG_WARN_INFINITE_RECURSION = YES;
				CLANG_WARN_INT_CONVERSION = YES;
				CLANG_WARN_NON_LITERAL_NULL_CONVERSION = YES;
				CLANG_WARN_OBJC_IMPLICIT_RETAIN_SELF = YES;
				CLANG_WARN_OBJC_LITERAL_CONVERSION = YES;
				CLANG_WARN_OBJC_ROOT_CLASS = YES_ERROR;
				CLANG_WARN_QUOTED_INCLUDE_IN_FRAMEWORK_HEADER = YES;
				CLANG_WARN_RANGE_LOOP_ANALYSIS = YES;
				CLANG_WARN_STRICT_PROTOTYPES = YES;
				CLANG_WARN_SUSPICIOUS_MOVE = YES;
				CLANG_WARN_UNGUARDED_AVAILABILITY = YES_AGGRESSIVE;
				CLANG_WARN_UNREACHABLE_CODE = YES;
				CLANG_WARN__DUPLICATE_METHOD_MATCH = YES;
				COPY_PHASE_STRIP = NO;
				DEBUG_INFORMATION_FORMAT = dwarf;
				ENABLE_STRICT_OBJC_MSGSEND = YES;
				ENABLE_TESTABILITY = YES;
				ENABLE_USER_SCRIPT_SANDBOXING = YES;
				GCC_C_LANGUAGE_STANDARD = gnu17;
				GCC_DYNAMIC_NO_PIC = NO;
				GCC_NO_COMMON_BLOCKS = YES;
				GCC_OPTIMIZATION_LEVEL = 0;
				GCC_PREPROCESSOR_DEFINITIONS = (
					"DEBUG=1",
					"$(inherited)",
				);
				GCC_WARN_64_TO_32_BIT_CONVERSION = YES;
				GCC_WARN_ABOUT_RETURN_TYPE = YES_ERROR;
				GCC_WARN_UNDECLARED_SELECTOR = YES;
				GCC_WARN_UNINITIALIZED_AUTOS = YES_AGGRESSIVE;
				GCC_WARN_UNUSED_FUNCTION = YES;
				GCC_WARN_UNUSED_VARIABLE = YES;
				LOCALIZATION_PREFERS_STRING_CATALOGS = YES;
				MACOSX_DEPLOYMENT_TARGET = 14.5;
				MTL_ENABLE_DEBUG_INFO = INCLUDE_SOURCE;
				MTL_FAST_MATH = YES;
				ONLY_ACTIVE_ARCH = YES;
				SDKROOT = macosx;
				SWIFT_ACTIVE_COMPILATION_CONDITIONS = "DEBUG $(inherited)";
				SWIFT_OPTIMIZATION_LEVEL = "-Onone";
			};
			name = Debug;
		};
		68E958852CD4FA2F008707B1 /* Release */ = {
			isa = XCBuildConfiguration;
			buildSettings = {
				ALWAYS_SEARCH_USER_PATHS = NO;
				ASSETCATALOG_COMPILER_GENERATE_SWIFT_ASSET_SYMBOL_EXTENSIONS = YES;
				CLANG_ANALYZER_NONNULL = YES;
				CLANG_ANALYZER_NUMBER_OBJECT_CONVERSION = YES_AGGRESSIVE;
				CLANG_CXX_LANGUAGE_STANDARD = "gnu++20";
				CLANG_ENABLE_MODULES = YES;
				CLANG_ENABLE_OBJC_ARC = YES;
				CLANG_ENABLE_OBJC_WEAK = YES;
				CLANG_WARN_BLOCK_CAPTURE_AUTORELEASING = YES;
				CLANG_WARN_BOOL_CONVERSION = YES;
				CLANG_WARN_COMMA = YES;
				CLANG_WARN_CONSTANT_CONVERSION = YES;
				CLANG_WARN_DEPRECATED_OBJC_IMPLEMENTATIONS = YES;
				CLANG_WARN_DIRECT_OBJC_ISA_USAGE = YES_ERROR;
				CLANG_WARN_DOCUMENTATION_COMMENTS = YES;
				CLANG_WARN_EMPTY_BODY = YES;
				CLANG_WARN_ENUM_CONVERSION = YES;
				CLANG_WARN_INFINITE_RECURSION = YES;
				CLANG_WARN_INT_CONVERSION = YES;
				CLANG_WARN_NON_LITERAL_NULL_CONVERSION = YES;
				CLANG_WARN_OBJC_IMPLICIT_RETAIN_SELF = YES;
				CLANG_WARN_OBJC_LITERAL_CONVERSION = YES;
				CLANG_WARN_OBJC_ROOT_CLASS = YES_ERROR;
				CLANG_WARN_QUOTED_INCLUDE_IN_FRAMEWORK_HEADER = YES;
				CLANG_WARN_RANGE_LOOP_ANALYSIS = YES;
				CLANG_WARN_STRICT_PROTOTYPES = YES;
				CLANG_WARN_SUSPICIOUS_MOVE = YES;
				CLANG_WARN_UNGUARDED_AVAILABILITY = YES_AGGRESSIVE;
				CLANG_WARN_UNREACHABLE_CODE = YES;
				CLANG_WARN__DUPLICATE_METHOD_MATCH = YES;
				COPY_PHASE_STRIP = NO;
				DEBUG_INFORMATION_FORMAT = "dwarf-with-dsym";
				ENABLE_NS_ASSERTIONS = NO;
				ENABLE_STRICT_OBJC_MSGSEND = YES;
				ENABLE_USER_SCRIPT_SANDBOXING = YES;
				GCC_C_LANGUAGE_STANDARD = gnu17;
				GCC_NO_COMMON_BLOCKS = YES;
				GCC_WARN_64_TO_32_BIT_CONVERSION = YES;
				GCC_WARN_ABOUT_RETURN_TYPE = YES_ERROR;
				GCC_WARN_UNDECLARED_SELECTOR = YES;
				GCC_WARN_UNINITIALIZED_AUTOS = YES_AGGRESSIVE;
				GCC_WARN_UNUSED_FUNCTION = YES;
				GCC_WARN_UNUSED_VARIABLE = YES;
				LOCALIZATION_PREFERS_STRING_CATALOGS = YES;
				MACOSX_DEPLOYMENT_TARGET = 14.5;
				MTL_ENABLE_DEBUG_INFO = NO;
				MTL_FAST_MATH = YES;
				SDKROOT = macosx;
				SWIFT_COMPILATION_MODE = wholemodule;
			};
			name = Release;
		};
		68E958872CD4FA2F008707B1 /* Debug */ = {
			isa = XCBuildConfiguration;
			buildSettings = {
				ASSETCATALOG_COMPILER_APPICON_NAME = AppIcon;
				ASSETCATALOG_COMPILER_GLOBAL_ACCENT_COLOR_NAME = AccentColor;
				CODE_SIGN_ENTITLEMENTS = "Status Bar Test/Status_Bar_Test.entitlements";
				CODE_SIGN_STYLE = Automatic;
				COMBINE_HIDPI_IMAGES = YES;
				CURRENT_PROJECT_VERSION = 1;
				DEVELOPMENT_ASSET_PATHS = "\"Status Bar Test/Preview Content\"";
				ENABLE_PREVIEWS = YES;
				GENERATE_INFOPLIST_FILE = YES;
				INFOPLIST_FILE = "Status-Bar-Test-Info.plist";
				INFOPLIST_KEY_LSUIElement = YES;
				INFOPLIST_KEY_NSHumanReadableCopyright = "";
				LD_RUNPATH_SEARCH_PATHS = (
					"$(inherited)",
					"@executable_path/../Frameworks",
				);
				MARKETING_VERSION = 1.0;
				PRODUCT_BUNDLE_IDENTIFIER = "com.schwad.dev.Status-Bar-Test";
				PRODUCT_NAME = "$(TARGET_NAME)";
				SWIFT_EMIT_LOC_STRINGS = YES;
				SWIFT_VERSION = 5.0;
			};
			name = Debug;
		};
		68E958882CD4FA2F008707B1 /* Release */ = {
			isa = XCBuildConfiguration;
			buildSettings = {
				ASSETCATALOG_COMPILER_APPICON_NAME = AppIcon;
				ASSETCATALOG_COMPILER_GLOBAL_ACCENT_COLOR_NAME = AccentColor;
				CODE_SIGN_ENTITLEMENTS = "Status Bar Test/Status_Bar_Test.entitlements";
				CODE_SIGN_STYLE = Automatic;
				COMBINE_HIDPI_IMAGES = YES;
				CURRENT_PROJECT_VERSION = 1;
				DEVELOPMENT_ASSET_PATHS = "\"Status Bar Test/Preview Content\"";
				ENABLE_PREVIEWS = YES;
				GENERATE_INFOPLIST_FILE = YES;
				INFOPLIST_FILE = "Status-Bar-Test-Info.plist";
				INFOPLIST_KEY_LSUIElement = YES;
				INFOPLIST_KEY_NSHumanReadableCopyright = "";
				LD_RUNPATH_SEARCH_PATHS = (
					"$(inherited)",
					"@executable_path/../Frameworks",
				);
				MARKETING_VERSION = 1.0;
				PRODUCT_BUNDLE_IDENTIFIER = "com.schwad.dev.Status-Bar-Test";
				PRODUCT_NAME = "$(TARGET_NAME)";
				SWIFT_EMIT_LOC_STRINGS = YES;
				SWIFT_VERSION = 5.0;
			};
			name = Release;
		};
		68E9588A2CD4FA2F008707B1 /* Debug */ = {
			isa = XCBuildConfiguration;
			buildSettings = {
				ALWAYS_EMBED_SWIFT_STANDARD_LIBRARIES = YES;
				BUNDLE_LOADER = "$(TEST_HOST)";
				CODE_SIGN_STYLE = Automatic;
				CURRENT_PROJECT_VERSION = 1;
				GENERATE_INFOPLIST_FILE = YES;
				MACOSX_DEPLOYMENT_TARGET = 14.5;
				MARKETING_VERSION = 1.0;
				PRODUCT_BUNDLE_IDENTIFIER = "com.schwad.dev.Status-Bar-TestTests";
				PRODUCT_NAME = "$(TARGET_NAME)";
				SWIFT_EMIT_LOC_STRINGS = NO;
				SWIFT_VERSION = 5.0;
				TEST_HOST = "$(BUILT_PRODUCTS_DIR)/Status Bar Test.app/$(BUNDLE_EXECUTABLE_FOLDER_PATH)/Status Bar Test";
			};
			name = Debug;
		};
		68E9588B2CD4FA2F008707B1 /* Release */ = {
			isa = XCBuildConfiguration;
			buildSettings = {
				ALWAYS_EMBED_SWIFT_STANDARD_LIBRARIES = YES;
				BUNDLE_LOADER = "$(TEST_HOST)";
				CODE_SIGN_STYLE = Automatic;
				CURRENT_PROJECT_VERSION = 1;
				GENERATE_INFOPLIST_FILE = YES;
				MACOSX_DEPLOYMENT_TARGET = 14.5;
				MARKETING_VERSION = 1.0;
				PRODUCT_BUNDLE_IDENTIFIER = "com.schwad.dev.Status-Bar-TestTests";
				PRODUCT_NAME = "$(TARGET_NAME)";
				SWIFT_EMIT_LOC_STRINGS = NO;
				SWIFT_VERSION = 5.0;
				TEST_HOST = "$(BUILT_PRODUCTS_DIR)/Status Bar Test.app/$(BUNDLE_EXECUTABLE_FOLDER_PATH)/Status Bar Test";
			};
			name = Release;
		};
		68E9588D2CD4FA2F008707B1 /* Debug */ = {
			isa = XCBuildConfiguration;
			buildSettings = {
				ALWAYS_EMBED_SWIFT_STANDARD_LIBRARIES = YES;
				CODE_SIGN_STYLE = Automatic;
				CURRENT_PROJECT_VERSION = 1;
				GENERATE_INFOPLIST_FILE = YES;
				MARKETING_VERSION = 1.0;
				PRODUCT_BUNDLE_IDENTIFIER = "com.schwad.dev.Status-Bar-TestUITests";
				PRODUCT_NAME = "$(TARGET_NAME)";
				SWIFT_EMIT_LOC_STRINGS = NO;
				SWIFT_VERSION = 5.0;
				TEST_TARGET_NAME = "Status Bar Test";
			};
			name = Debug;
		};
		68E9588E2CD4FA2F008707B1 /* Release */ = {
			isa = XCBuildConfiguration;
			buildSettings = {
				ALWAYS_EMBED_SWIFT_STANDARD_LIBRARIES = YES;
				CODE_SIGN_STYLE = Automatic;
				CURRENT_PROJECT_VERSION = 1;
				GENERATE_INFOPLIST_FILE = YES;
				MARKETING_VERSION = 1.0;
				PRODUCT_BUNDLE_IDENTIFIER = "com.schwad.dev.Status-Bar-TestUITests";
				PRODUCT_NAME = "$(TARGET_NAME)";
				SWIFT_EMIT_LOC_STRINGS = NO;
				SWIFT_VERSION = 5.0;
				TEST_TARGET_NAME = "Status Bar Test";
			};
			name = Release;
		};
/* End XCBuildConfiguration section */

/* Begin XCConfigurationList section */
		68E9585C2CD4FA2E008707B1 /* Build configuration list for PBXProject "Status Bar Test" */ = {
			isa = XCConfigurationList;
			buildConfigurations = (
				68E958842CD4FA2F008707B1 /* Debug */,
				68E958852CD4FA2F008707B1 /* Release */,
			);
			defaultConfigurationIsVisible = 0;
			defaultConfigurationName = Release;
		};
		68E958862CD4FA2F008707B1 /* Build configuration list for PBXNativeTarget "Status Bar Test" */ = {
			isa = XCConfigurationList;
			buildConfigurations = (
				68E958872CD4FA2F008707B1 /* Debug */,
				68E958882CD4FA2F008707B1 /* Release */,
			);
			defaultConfigurationIsVisible = 0;
			defaultConfigurationName = Release;
		};
		68E958892CD4FA2F008707B1 /* Build configuration list for PBXNativeTarget "Status Bar TestTests" */ = {
			isa = XCConfigurationList;
			buildConfigurations = (
				68E9588A2CD4FA2F008707B1 /* Debug */,
				68E9588B2CD4FA2F008707B1 /* Release */,
			);
			defaultConfigurationIsVisible = 0;
			defaultConfigurationName = Release;
		};
		68E9588C2CD4FA2F008707B1 /* Build configuration list for PBXNativeTarget "Status Bar TestUITests" */ = {
			isa = XCConfigurationList;
			buildConfigurations = (
				68E9588D2CD4FA2F008707B1 /* Debug */,
				68E9588E2CD4FA2F008707B1 /* Release */,
			);
			defaultConfigurationIsVisible = 0;
			defaultConfigurationName = Release;
		};
/* End XCConfigurationList section */
	};
	rootObject = 68E958592CD4FA2E008707B1 /* Project object */;
}
